
Microsoft Visual Studio Solution File, Format Version 12.00
# Visual Studio 15
VisualStudioVersion = 15.0.27703.2000
MinimumVisualStudioVersion = 10.0.40219.1
Project("{9A19103F-16F7-4668-BE54-9A1E7A4F7556}") = "WebApi", "WebApi\WebApi.csproj", "{64C7942C-1CF2-4FC9-A6B4-D098FB7B8C7D}"
EndProject
Global
	GlobalSection(SolutionConfigurationPlatforms) = preSolution
		Debug|Any CPU = Debug|Any CPU
		Release|Any CPU = Release|Any CPU
	EndGlobalSection
	GlobalSection(ProjectConfigurationPlatforms) = postSolution
		{64C7942C-1CF2-4FC9-A6B4-D098FB7B8C7D}.Debug|Any CPU.ActiveCfg = Debug|Any CPU
		{64C7942C-1CF2-4FC9-A6B4-D098FB7B8C7D}.Debug|Any CPU.Build.0 = Debug|Any CPU
		{64C7942C-1CF2-4FC9-A6B4-D098FB7B8C7D}.Release|Any CPU.ActiveCfg = Release|Any CPU
		{64C7942C-1CF2-4FC9-A6B4-D098FB7B8C7D}.Release|Any CPU.Build.0 = Release|Any CPU
	EndGlobalSection
	GlobalSection(SolutionProperties) = preSolution
		HideSolutionNode = FALSE
	EndGlobalSection
	GlobalSection(ExtensibilityGlobals) = postSolution
		SolutionGuid = {08970FE0-A03B-4F0E-91BB-8322919C67EF}
	EndGlobalSection
EndGlobal
