
Microsoft Visual Studio Solution File, Format Version 12.00
Project("{FAE04EC0-301F-11D3-BF4B-00C04F79EFBC}") = "HeartRate.API", "HeartRate.API\HeartRate.API.csproj", "{78A18447-EE8C-424F-8449-9D7C129C3A76}"
EndProject
Global
	GlobalSection(SolutionConfigurationPlatforms) = preSolution
		Debug|Any CPU = Debug|Any CPU
		Release|Any CPU = Release|Any CPU
	EndGlobalSection
	GlobalSection(ProjectConfigurationPlatforms) = postSolution
		{78A18447-EE8C-424F-8449-9D7C129C3A76}.Debug|Any CPU.ActiveCfg = Debug|Any CPU
		{78A18447-EE8C-424F-8449-9D7C129C3A76}.Debug|Any CPU.Build.0 = Debug|Any CPU
		{78A18447-EE8C-424F-8449-9D7C129C3A76}.Release|Any CPU.ActiveCfg = Release|Any CPU
		{78A18447-EE8C-424F-8449-9D7C129C3A76}.Release|Any CPU.Build.0 = Release|Any CPU
	EndGlobalSection
EndGlobal
